
Microsoft Visual Studio Solution File, Format Version 12.00
# Visual Studio Version 16
VisualStudioVersion = 16.0.29020.237
MinimumVisualStudioVersion = 10.0.40219.1
Project("{FAE04EC0-301F-11D3-BF4B-00C04F79EFBC}") = "First", "First\First.csproj", "{E977E004-DC25-407D-89A4-3AB18E00EBC1}"
EndProject
Project("{FAE04EC0-301F-11D3-BF4B-00C04F79EFBC}") = "employee", "employee\employee.csproj", "{441E6BE1-88E6-4F29-B9B8-0820A71B5CA0}"
EndProject
Global
	GlobalSection(SolutionConfigurationPlatforms) = preSolution
		Debug|Any CPU = Debug|Any CPU
		Release|Any CPU = Release|Any CPU
	EndGlobalSection
	GlobalSection(ProjectConfigurationPlatforms) = postSolution
		{E977E004-DC25-407D-89A4-3AB18E00EBC1}.Debug|Any CPU.ActiveCfg = Debug|Any CPU
		{E977E004-DC25-407D-89A4-3AB18E00EBC1}.Debug|Any CPU.Build.0 = Debug|Any CPU
		{E977E004-DC25-407D-89A4-3AB18E00EBC1}.Release|Any CPU.ActiveCfg = Release|Any CPU
		{E977E004-DC25-407D-89A4-3AB18E00EBC1}.Release|Any CPU.Build.0 = Release|Any CPU
		{441E6BE1-88E6-4F29-B9B8-0820A71B5CA0}.Debug|Any CPU.ActiveCfg = Debug|Any CPU
		{441E6BE1-88E6-4F29-B9B8-0820A71B5CA0}.Debug|Any CPU.Build.0 = Debug|Any CPU
		{441E6BE1-88E6-4F29-B9B8-0820A71B5CA0}.Release|Any CPU.ActiveCfg = Release|Any CPU
		{441E6BE1-88E6-4F29-B9B8-0820A71B5CA0}.Release|Any CPU.Build.0 = Release|Any CPU
	EndGlobalSection
	GlobalSection(SolutionProperties) = preSolution
		HideSolutionNode = FALSE
	EndGlobalSection
	GlobalSection(ExtensibilityGlobals) = postSolution
		SolutionGuid = {C17B9B55-9FCC-4D8A-910F-56BA5697EA0D}
	EndGlobalSection
EndGlobal
